// !$*UTF8*$!
{
	archiveVersion = 1;
	classes = {
	};
	objectVersion = 46;
	objects = {

/* Begin PBXBuildFile section */
		25317F522307696100416CFE /* UIStackView+AddArrangedSubviews.swift in Sources */ = {isa = PBXBuildFile; fileRef = 25317F512307696100416CFE /* UIStackView+AddArrangedSubviews.swift */; };
		BD18D5A21C391926002E6547 /* TestThen.swift in Sources */ = {isa = PBXBuildFile; fileRef = BD18D5A11C391926002E6547 /* TestThen.swift */; };
		BD37B4EF1C2C07220069CD4A /* TestUnitTesting.swift in Sources */ = {isa = PBXBuildFile; fileRef = BD37B4EE1C2C07220069CD4A /* TestUnitTesting.swift */; };
		BD37B4F01C2C07220069CD4A /* TestUnitTesting.swift in Sources */ = {isa = PBXBuildFile; fileRef = BD37B4EE1C2C07220069CD4A /* TestUnitTesting.swift */; };
		BD9FDD541D2BDB1C0085F584 /* Sugar.framework in Frameworks */ = {isa = PBXBuildFile; fileRef = BD7B93931D2BD93800BECFB1 /* Sugar.framework */; };
		BD9FDD5A1D2BDB620085F584 /* TestThen.swift in Sources */ = {isa = PBXBuildFile; fileRef = BDAF15641C3917A90008A5D6 /* TestThen.swift */; };
		BD9FDD5B1D2BDB620085F584 /* TestUIImage.swift in Sources */ = {isa = PBXBuildFile; fileRef = D20FF62E1CD1FE6F000F3BFE /* TestUIImage.swift */; };
		BD9FDD5C1D2BDB620085F584 /* TestOperators.swift in Sources */ = {isa = PBXBuildFile; fileRef = BDA447C71C294787003FDEAD /* TestOperators.swift */; };
		BD9FDD5D1D2BDB620085F584 /* TestQueueable.swift in Sources */ = {isa = PBXBuildFile; fileRef = BDA447C81C294787003FDEAD /* TestQueueable.swift */; };
		BD9FDD5F1D2BDB620085F584 /* TestStringExtensionCoreFoundation.swift in Sources */ = {isa = PBXBuildFile; fileRef = BDA4481B1C295A01003FDEAD /* TestStringExtensionCoreFoundation.swift */; };
		BD9FDD601D2BDB620085F584 /* TestUnitTesting.swift in Sources */ = {isa = PBXBuildFile; fileRef = BD37B4EE1C2C07220069CD4A /* TestUnitTesting.swift */; };
		BD9FDD621D2BDB620085F584 /* TestDate.swift in Sources */ = {isa = PBXBuildFile; fileRef = D21D1B931CAE680F00BD068E /* TestDate.swift */; };
		BD9FDD631D2BDB620085F584 /* TestDouble.swift in Sources */ = {isa = PBXBuildFile; fileRef = D2FD14611CE5F30500EC080B /* TestDouble.swift */; };
		BDA447931C2946BC003FDEAD /* Sugar.framework in Frameworks */ = {isa = PBXBuildFile; fileRef = BDA447891C2946BB003FDEAD /* Sugar.framework */; };
		BDA447CA1C294787003FDEAD /* TestOperators.swift in Sources */ = {isa = PBXBuildFile; fileRef = BDA447C71C294787003FDEAD /* TestOperators.swift */; };
		BDA447CB1C294787003FDEAD /* TestOperators.swift in Sources */ = {isa = PBXBuildFile; fileRef = BDA447C71C294787003FDEAD /* TestOperators.swift */; };
		BDA447CC1C294787003FDEAD /* TestQueueable.swift in Sources */ = {isa = PBXBuildFile; fileRef = BDA447C81C294787003FDEAD /* TestQueueable.swift */; };
		BDA447CD1C294787003FDEAD /* TestQueueable.swift in Sources */ = {isa = PBXBuildFile; fileRef = BDA447C81C294787003FDEAD /* TestQueueable.swift */; };
		BDA447CE1C294787003FDEAD /* TestString.swift in Sources */ = {isa = PBXBuildFile; fileRef = BDA447C91C294787003FDEAD /* TestString.swift */; };
		BDA447CF1C294787003FDEAD /* TestString.swift in Sources */ = {isa = PBXBuildFile; fileRef = BDA447C91C294787003FDEAD /* TestString.swift */; };
		BDA4481C1C295A01003FDEAD /* TestStringExtensionCoreFoundation.swift in Sources */ = {isa = PBXBuildFile; fileRef = BDA4481B1C295A01003FDEAD /* TestStringExtensionCoreFoundation.swift */; };
		BDA4481D1C295A01003FDEAD /* TestStringExtensionCoreFoundation.swift in Sources */ = {isa = PBXBuildFile; fileRef = BDA4481B1C295A01003FDEAD /* TestStringExtensionCoreFoundation.swift */; };
		BDAF15651C3917A90008A5D6 /* TestThen.swift in Sources */ = {isa = PBXBuildFile; fileRef = BDAF15641C3917A90008A5D6 /* TestThen.swift */; };
		D20FF62F1CD1FE6F000F3BFE /* TestUIImage.swift in Sources */ = {isa = PBXBuildFile; fileRef = D20FF62E1CD1FE6F000F3BFE /* TestUIImage.swift */; };
		D218938F1EB0A37500130E65 /* OnceTests.swift in Sources */ = {isa = PBXBuildFile; fileRef = D218938E1EB0A37500130E65 /* OnceTests.swift */; };
		D21893901EB0A37500130E65 /* OnceTests.swift in Sources */ = {isa = PBXBuildFile; fileRef = D218938E1EB0A37500130E65 /* OnceTests.swift */; };
		D21893911EB0A37500130E65 /* OnceTests.swift in Sources */ = {isa = PBXBuildFile; fileRef = D218938E1EB0A37500130E65 /* OnceTests.swift */; };
		D21D1B941CAE680F00BD068E /* TestDate.swift in Sources */ = {isa = PBXBuildFile; fileRef = D21D1B931CAE680F00BD068E /* TestDate.swift */; };
		D21D1B951CAE680F00BD068E /* TestDate.swift in Sources */ = {isa = PBXBuildFile; fileRef = D21D1B931CAE680F00BD068E /* TestDate.swift */; };
		D29065A91FAC9A780090DCC8 /* GrandCentralDispatch.swift in Sources */ = {isa = PBXBuildFile; fileRef = D290657E1FAC9A700090DCC8 /* GrandCentralDispatch.swift */; };
		D29065AA1FAC9A780090DCC8 /* Once.swift in Sources */ = {isa = PBXBuildFile; fileRef = D290657F1FAC9A700090DCC8 /* Once.swift */; };
		D29065AC1FAC9A780090DCC8 /* UITesting.swift in Sources */ = {isa = PBXBuildFile; fileRef = D29065811FAC9A700090DCC8 /* UITesting.swift */; };
		D29065AD1FAC9A780090DCC8 /* Operator.swift in Sources */ = {isa = PBXBuildFile; fileRef = D29065821FAC9A700090DCC8 /* Operator.swift */; };
		D29065AE1FAC9A780090DCC8 /* Swizzler.swift in Sources */ = {isa = PBXBuildFile; fileRef = D29065831FAC9A700090DCC8 /* Swizzler.swift */; };
		D29065B01FAC9A780090DCC8 /* TypeAlias.swift in Sources */ = {isa = PBXBuildFile; fileRef = D29065901FAC9A700090DCC8 /* TypeAlias.swift */; };
		D29065B11FAC9A780090DCC8 /* Then.swift in Sources */ = {isa = PBXBuildFile; fileRef = D29065911FAC9A700090DCC8 /* Then.swift */; };
		D29065B21FAC9A780090DCC8 /* Application.swift in Sources */ = {isa = PBXBuildFile; fileRef = D29065921FAC9A700090DCC8 /* Application.swift */; };
		D29065B31FAC9A780090DCC8 /* UnitTesting.swift in Sources */ = {isa = PBXBuildFile; fileRef = D29065931FAC9A700090DCC8 /* UnitTesting.swift */; };
		D29065B41FAC9A780090DCC8 /* GrandCentralDispatch.swift in Sources */ = {isa = PBXBuildFile; fileRef = D290657E1FAC9A700090DCC8 /* GrandCentralDispatch.swift */; };
		D29065B51FAC9A780090DCC8 /* Once.swift in Sources */ = {isa = PBXBuildFile; fileRef = D290657F1FAC9A700090DCC8 /* Once.swift */; };
		D29065B71FAC9A780090DCC8 /* UITesting.swift in Sources */ = {isa = PBXBuildFile; fileRef = D29065811FAC9A700090DCC8 /* UITesting.swift */; };
		D29065B81FAC9A780090DCC8 /* Operator.swift in Sources */ = {isa = PBXBuildFile; fileRef = D29065821FAC9A700090DCC8 /* Operator.swift */; };
		D29065B91FAC9A780090DCC8 /* Swizzler.swift in Sources */ = {isa = PBXBuildFile; fileRef = D29065831FAC9A700090DCC8 /* Swizzler.swift */; };
		D29065BB1FAC9A780090DCC8 /* TypeAlias.swift in Sources */ = {isa = PBXBuildFile; fileRef = D29065901FAC9A700090DCC8 /* TypeAlias.swift */; };
		D29065BC1FAC9A780090DCC8 /* Then.swift in Sources */ = {isa = PBXBuildFile; fileRef = D29065911FAC9A700090DCC8 /* Then.swift */; };
		D29065BD1FAC9A780090DCC8 /* Application.swift in Sources */ = {isa = PBXBuildFile; fileRef = D29065921FAC9A700090DCC8 /* Application.swift */; };
		D29065BE1FAC9A780090DCC8 /* UnitTesting.swift in Sources */ = {isa = PBXBuildFile; fileRef = D29065931FAC9A700090DCC8 /* UnitTesting.swift */; };
		D29065BF1FAC9A790090DCC8 /* GrandCentralDispatch.swift in Sources */ = {isa = PBXBuildFile; fileRef = D290657E1FAC9A700090DCC8 /* GrandCentralDispatch.swift */; };
		D29065C01FAC9A790090DCC8 /* Once.swift in Sources */ = {isa = PBXBuildFile; fileRef = D290657F1FAC9A700090DCC8 /* Once.swift */; };
		D29065C21FAC9A790090DCC8 /* UITesting.swift in Sources */ = {isa = PBXBuildFile; fileRef = D29065811FAC9A700090DCC8 /* UITesting.swift */; };
		D29065C31FAC9A790090DCC8 /* Operator.swift in Sources */ = {isa = PBXBuildFile; fileRef = D29065821FAC9A700090DCC8 /* Operator.swift */; };
		D29065C41FAC9A790090DCC8 /* Swizzler.swift in Sources */ = {isa = PBXBuildFile; fileRef = D29065831FAC9A700090DCC8 /* Swizzler.swift */; };
		D29065C61FAC9A790090DCC8 /* TypeAlias.swift in Sources */ = {isa = PBXBuildFile; fileRef = D29065901FAC9A700090DCC8 /* TypeAlias.swift */; };
		D29065C71FAC9A790090DCC8 /* Then.swift in Sources */ = {isa = PBXBuildFile; fileRef = D29065911FAC9A700090DCC8 /* Then.swift */; };
		D29065C81FAC9A790090DCC8 /* Application.swift in Sources */ = {isa = PBXBuildFile; fileRef = D29065921FAC9A700090DCC8 /* Application.swift */; };
		D29065C91FAC9A790090DCC8 /* UnitTesting.swift in Sources */ = {isa = PBXBuildFile; fileRef = D29065931FAC9A700090DCC8 /* UnitTesting.swift */; };
		D29065CA1FAC9A7D0090DCC8 /* NSDate+Extensions.swift in Sources */ = {isa = PBXBuildFile; fileRef = D29065861FAC9A700090DCC8 /* NSDate+Extensions.swift */; };
		D29065CB1FAC9A7D0090DCC8 /* String+CoreFoundation.swift in Sources */ = {isa = PBXBuildFile; fileRef = D29065871FAC9A700090DCC8 /* String+CoreFoundation.swift */; };
		D29065CC1FAC9A7D0090DCC8 /* Array+Queueable.swift in Sources */ = {isa = PBXBuildFile; fileRef = D29065881FAC9A700090DCC8 /* Array+Queueable.swift */; };
		D29065CD1FAC9A7D0090DCC8 /* String+Empty.swift in Sources */ = {isa = PBXBuildFile; fileRef = D29065891FAC9A700090DCC8 /* String+Empty.swift */; };
		D29065CE1FAC9A7D0090DCC8 /* String+Extension.swift in Sources */ = {isa = PBXBuildFile; fileRef = D290658A1FAC9A700090DCC8 /* String+Extension.swift */; };
		D29065CF1FAC9A7D0090DCC8 /* String+Regex.swift in Sources */ = {isa = PBXBuildFile; fileRef = D290658B1FAC9A700090DCC8 /* String+Regex.swift */; };
		D29065D11FAC9A7D0090DCC8 /* String+Validation.swift in Sources */ = {isa = PBXBuildFile; fileRef = D290658D1FAC9A700090DCC8 /* String+Validation.swift */; };
		D29065D21FAC9A7D0090DCC8 /* String+URLStringConvertible.swift in Sources */ = {isa = PBXBuildFile; fileRef = D290658E1FAC9A700090DCC8 /* String+URLStringConvertible.swift */; };
		D29065D31FAC9A7D0090DCC8 /* Double+DateTime.swift in Sources */ = {isa = PBXBuildFile; fileRef = D290658F1FAC9A700090DCC8 /* Double+DateTime.swift */; };
		D29065D41FAC9A7D0090DCC8 /* NSDate+Extensions.swift in Sources */ = {isa = PBXBuildFile; fileRef = D29065861FAC9A700090DCC8 /* NSDate+Extensions.swift */; };
		D29065D51FAC9A7D0090DCC8 /* String+CoreFoundation.swift in Sources */ = {isa = PBXBuildFile; fileRef = D29065871FAC9A700090DCC8 /* String+CoreFoundation.swift */; };
		D29065D61FAC9A7D0090DCC8 /* Array+Queueable.swift in Sources */ = {isa = PBXBuildFile; fileRef = D29065881FAC9A700090DCC8 /* Array+Queueable.swift */; };
		D29065D71FAC9A7D0090DCC8 /* String+Empty.swift in Sources */ = {isa = PBXBuildFile; fileRef = D29065891FAC9A700090DCC8 /* String+Empty.swift */; };
		D29065D81FAC9A7D0090DCC8 /* String+Extension.swift in Sources */ = {isa = PBXBuildFile; fileRef = D290658A1FAC9A700090DCC8 /* String+Extension.swift */; };
		D29065D91FAC9A7D0090DCC8 /* String+Regex.swift in Sources */ = {isa = PBXBuildFile; fileRef = D290658B1FAC9A700090DCC8 /* String+Regex.swift */; };
		D29065DB1FAC9A7D0090DCC8 /* String+Validation.swift in Sources */ = {isa = PBXBuildFile; fileRef = D290658D1FAC9A700090DCC8 /* String+Validation.swift */; };
		D29065DC1FAC9A7D0090DCC8 /* String+URLStringConvertible.swift in Sources */ = {isa = PBXBuildFile; fileRef = D290658E1FAC9A700090DCC8 /* String+URLStringConvertible.swift */; };
		D29065DD1FAC9A7D0090DCC8 /* Double+DateTime.swift in Sources */ = {isa = PBXBuildFile; fileRef = D290658F1FAC9A700090DCC8 /* Double+DateTime.swift */; };
		D29065DE1FAC9A7E0090DCC8 /* NSDate+Extensions.swift in Sources */ = {isa = PBXBuildFile; fileRef = D29065861FAC9A700090DCC8 /* NSDate+Extensions.swift */; };
		D29065DF1FAC9A7E0090DCC8 /* String+CoreFoundation.swift in Sources */ = {isa = PBXBuildFile; fileRef = D29065871FAC9A700090DCC8 /* String+CoreFoundation.swift */; };
		D29065E01FAC9A7E0090DCC8 /* Array+Queueable.swift in Sources */ = {isa = PBXBuildFile; fileRef = D29065881FAC9A700090DCC8 /* Array+Queueable.swift */; };
		D29065E11FAC9A7E0090DCC8 /* String+Empty.swift in Sources */ = {isa = PBXBuildFile; fileRef = D29065891FAC9A700090DCC8 /* String+Empty.swift */; };
		D29065E21FAC9A7E0090DCC8 /* String+Extension.swift in Sources */ = {isa = PBXBuildFile; fileRef = D290658A1FAC9A700090DCC8 /* String+Extension.swift */; };
		D29065E31FAC9A7E0090DCC8 /* String+Regex.swift in Sources */ = {isa = PBXBuildFile; fileRef = D290658B1FAC9A700090DCC8 /* String+Regex.swift */; };
		D29065E51FAC9A7E0090DCC8 /* String+Validation.swift in Sources */ = {isa = PBXBuildFile; fileRef = D290658D1FAC9A700090DCC8 /* String+Validation.swift */; };
		D29065E61FAC9A7E0090DCC8 /* String+URLStringConvertible.swift in Sources */ = {isa = PBXBuildFile; fileRef = D290658E1FAC9A700090DCC8 /* String+URLStringConvertible.swift */; };
		D29065E71FAC9A7E0090DCC8 /* Double+DateTime.swift in Sources */ = {isa = PBXBuildFile; fileRef = D290658F1FAC9A700090DCC8 /* Double+DateTime.swift */; };
		D29065E81FAC9A850090DCC8 /* UIImage+RenderingMode.swift in Sources */ = {isa = PBXBuildFile; fileRef = D29065981FAC9A700090DCC8 /* UIImage+RenderingMode.swift */; };
		D29065E91FAC9A850090DCC8 /* UIImage+Extension.swift in Sources */ = {isa = PBXBuildFile; fileRef = D29065991FAC9A700090DCC8 /* UIImage+Extension.swift */; };
		D29065EA1FAC9A850090DCC8 /* UIView+Optimize.swift in Sources */ = {isa = PBXBuildFile; fileRef = D290659A1FAC9A700090DCC8 /* UIView+Optimize.swift */; };
		D29065EB1FAC9A850090DCC8 /* UIView+Frame.swift in Sources */ = {isa = PBXBuildFile; fileRef = D290659B1FAC9A700090DCC8 /* UIView+Frame.swift */; };
		D29065EC1FAC9A850090DCC8 /* UIView+AddSubviews.swift in Sources */ = {isa = PBXBuildFile; fileRef = D290659C1FAC9A700090DCC8 /* UIView+AddSubviews.swift */; };
		D29065ED1FAC9A850090DCC8 /* UIDevice+Model.swift in Sources */ = {isa = PBXBuildFile; fileRef = D290659D1FAC9A700090DCC8 /* UIDevice+Model.swift */; };
		D29065EE1FAC9A850090DCC8 /* UIImage+RenderingMode.swift in Sources */ = {isa = PBXBuildFile; fileRef = D29065981FAC9A700090DCC8 /* UIImage+RenderingMode.swift */; };
		D29065EF1FAC9A860090DCC8 /* UIImage+Extension.swift in Sources */ = {isa = PBXBuildFile; fileRef = D29065991FAC9A700090DCC8 /* UIImage+Extension.swift */; };
		D29065F01FAC9A860090DCC8 /* UIView+Optimize.swift in Sources */ = {isa = PBXBuildFile; fileRef = D290659A1FAC9A700090DCC8 /* UIView+Optimize.swift */; };
		D29065F11FAC9A860090DCC8 /* UIView+Frame.swift in Sources */ = {isa = PBXBuildFile; fileRef = D290659B1FAC9A700090DCC8 /* UIView+Frame.swift */; };
		D29065F21FAC9A860090DCC8 /* UIView+AddSubviews.swift in Sources */ = {isa = PBXBuildFile; fileRef = D290659C1FAC9A700090DCC8 /* UIView+AddSubviews.swift */; };
		D29065F31FAC9A860090DCC8 /* UIDevice+Model.swift in Sources */ = {isa = PBXBuildFile; fileRef = D290659D1FAC9A700090DCC8 /* UIDevice+Model.swift */; };
		D29065F51FAC9A890090DCC8 /* Simulator.swift in Sources */ = {isa = PBXBuildFile; fileRef = D29065961FAC9A700090DCC8 /* Simulator.swift */; };
		D29065F71FAC9A8A0090DCC8 /* Simulator.swift in Sources */ = {isa = PBXBuildFile; fileRef = D29065961FAC9A700090DCC8 /* Simulator.swift */; };
		D29065F81FAC9A8F0090DCC8 /* KeyboardObserver.swift in Sources */ = {isa = PBXBuildFile; fileRef = D29065A21FAC9A700090DCC8 /* KeyboardObserver.swift */; };
		D29065F91FAC9A8F0090DCC8 /* CustomKeyboardHandler.swift in Sources */ = {isa = PBXBuildFile; fileRef = D29065A31FAC9A700090DCC8 /* CustomKeyboardHandler.swift */; };
		D29065FA1FAC9A8F0090DCC8 /* BasicKeyboardHandler.swift in Sources */ = {isa = PBXBuildFile; fileRef = D29065A41FAC9A700090DCC8 /* BasicKeyboardHandler.swift */; };
		D29065FB1FAC9A8F0090DCC8 /* InsetKeyboardHandler.swift in Sources */ = {isa = PBXBuildFile; fileRef = D29065A51FAC9A700090DCC8 /* InsetKeyboardHandler.swift */; };
		D29065FC1FAC9A8F0090DCC8 /* KeyboardHandler.swift in Sources */ = {isa = PBXBuildFile; fileRef = D29065A61FAC9A700090DCC8 /* KeyboardHandler.swift */; };
		D29065FD1FAC9A8F0090DCC8 /* ConstraintKeyboardHandler.swift in Sources */ = {isa = PBXBuildFile; fileRef = D29065A71FAC9A700090DCC8 /* ConstraintKeyboardHandler.swift */; };
		D29065FE1FAC9A8F0090DCC8 /* KeyboardInfo.swift in Sources */ = {isa = PBXBuildFile; fileRef = D29065A81FAC9A700090DCC8 /* KeyboardInfo.swift */; };
		D29066001FAC9B5C0090DCC8 /* Utilities.swift in Sources */ = {isa = PBXBuildFile; fileRef = D29065FF1FAC9B5C0090DCC8 /* Utilities.swift */; };
		D2FD14621CE5F30500EC080B /* TestDouble.swift in Sources */ = {isa = PBXBuildFile; fileRef = D2FD14611CE5F30500EC080B /* TestDouble.swift */; };
		D2FD14631CE5F30500EC080B /* TestDouble.swift in Sources */ = {isa = PBXBuildFile; fileRef = D2FD14611CE5F30500EC080B /* TestDouble.swift */; };
		D56DAA831C206516003E7253 /* Sugar.framework in Frameworks */ = {isa = PBXBuildFile; fileRef = D56DAA781C206516003E7253 /* Sugar.framework */; };
/* End PBXBuildFile section */

/* Begin PBXContainerItemProxy section */
		BD9FDD551D2BDB1C0085F584 /* PBXContainerItemProxy */ = {
			isa = PBXContainerItemProxy;
			containerPortal = D56DAA6F1C206516003E7253 /* Project object */;
			proxyType = 1;
			remoteGlobalIDString = BD7B93921D2BD93800BECFB1;
			remoteInfo = "Sugar-tvOS";
		};
		BDA447941C2946BC003FDEAD /* PBXContainerItemProxy */ = {
			isa = PBXContainerItemProxy;
			containerPortal = D56DAA6F1C206516003E7253 /* Project object */;
			proxyType = 1;
			remoteGlobalIDString = BDA447881C2946BB003FDEAD;
			remoteInfo = "Sugar-Mac";
		};
		D56DAA841C206516003E7253 /* PBXContainerItemProxy */ = {
			isa = PBXContainerItemProxy;
			containerPortal = D56DAA6F1C206516003E7253 /* Project object */;
			proxyType = 1;
			remoteGlobalIDString = D56DAA771C206516003E7253;
			remoteInfo = Sugar;
		};
/* End PBXContainerItemProxy section */

/* Begin PBXFileReference section */
		25317F512307696100416CFE /* UIStackView+AddArrangedSubviews.swift */ = {isa = PBXFileReference; lastKnownFileType = sourcecode.swift; path = "UIStackView+AddArrangedSubviews.swift"; sourceTree = "<group>"; };
		BD18D5A11C391926002E6547 /* TestThen.swift */ = {isa = PBXFileReference; fileEncoding = 4; lastKnownFileType = sourcecode.swift; path = TestThen.swift; sourceTree = "<group>"; };
		BD37B4EE1C2C07220069CD4A /* TestUnitTesting.swift */ = {isa = PBXFileReference; fileEncoding = 4; lastKnownFileType = sourcecode.swift; path = TestUnitTesting.swift; sourceTree = "<group>"; };
		BD7B93931D2BD93800BECFB1 /* Sugar.framework */ = {isa = PBXFileReference; explicitFileType = wrapper.framework; includeInIndex = 0; path = Sugar.framework; sourceTree = BUILT_PRODUCTS_DIR; };
		BD7B939C1D2BD95A00BECFB1 /* Info.plist */ = {isa = PBXFileReference; fileEncoding = 4; lastKnownFileType = text.plist.xml; path = Info.plist; sourceTree = "<group>"; };
		BD9FDD4F1D2BDB1C0085F584 /* Tests-tvOS.xctest */ = {isa = PBXFileReference; explicitFileType = wrapper.cfbundle; includeInIndex = 0; path = "Tests-tvOS.xctest"; sourceTree = BUILT_PRODUCTS_DIR; };
		BDA447891C2946BB003FDEAD /* Sugar.framework */ = {isa = PBXFileReference; explicitFileType = wrapper.framework; includeInIndex = 0; path = Sugar.framework; sourceTree = BUILT_PRODUCTS_DIR; };
		BDA447921C2946BC003FDEAD /* Tests-macOS.xctest */ = {isa = PBXFileReference; explicitFileType = wrapper.cfbundle; includeInIndex = 0; path = "Tests-macOS.xctest"; sourceTree = BUILT_PRODUCTS_DIR; };
		BDA447C71C294787003FDEAD /* TestOperators.swift */ = {isa = PBXFileReference; fileEncoding = 4; lastKnownFileType = sourcecode.swift; path = TestOperators.swift; sourceTree = "<group>"; };
		BDA447C81C294787003FDEAD /* TestQueueable.swift */ = {isa = PBXFileReference; fileEncoding = 4; lastKnownFileType = sourcecode.swift; path = TestQueueable.swift; sourceTree = "<group>"; };
		BDA447C91C294787003FDEAD /* TestString.swift */ = {isa = PBXFileReference; fileEncoding = 4; lastKnownFileType = sourcecode.swift; path = TestString.swift; sourceTree = "<group>"; };
		BDA447D11C294877003FDEAD /* Info.plist */ = {isa = PBXFileReference; fileEncoding = 4; lastKnownFileType = text.plist.xml; path = Info.plist; sourceTree = "<group>"; };
		BDA447D31C294877003FDEAD /* Info.plist */ = {isa = PBXFileReference; fileEncoding = 4; lastKnownFileType = text.plist.xml; path = Info.plist; sourceTree = "<group>"; };
		BDA447DA1C294925003FDEAD /* Info.plist */ = {isa = PBXFileReference; lastKnownFileType = text.plist.xml; path = Info.plist; sourceTree = "<group>"; };
		BDA447DC1C294925003FDEAD /* Info.plist */ = {isa = PBXFileReference; lastKnownFileType = text.plist.xml; path = Info.plist; sourceTree = "<group>"; };
		BDA4481B1C295A01003FDEAD /* TestStringExtensionCoreFoundation.swift */ = {isa = PBXFileReference; fileEncoding = 4; lastKnownFileType = sourcecode.swift; path = TestStringExtensionCoreFoundation.swift; sourceTree = "<group>"; };
		BDAF15641C3917A90008A5D6 /* TestThen.swift */ = {isa = PBXFileReference; fileEncoding = 4; lastKnownFileType = sourcecode.swift; path = TestThen.swift; sourceTree = "<group>"; };
		D20FF62E1CD1FE6F000F3BFE /* TestUIImage.swift */ = {isa = PBXFileReference; fileEncoding = 4; lastKnownFileType = sourcecode.swift; path = TestUIImage.swift; sourceTree = "<group>"; };
		D218938E1EB0A37500130E65 /* OnceTests.swift */ = {isa = PBXFileReference; fileEncoding = 4; lastKnownFileType = sourcecode.swift; path = OnceTests.swift; sourceTree = "<group>"; };
		D21D1B931CAE680F00BD068E /* TestDate.swift */ = {isa = PBXFileReference; fileEncoding = 4; lastKnownFileType = sourcecode.swift; path = TestDate.swift; sourceTree = "<group>"; };
		D290657E1FAC9A700090DCC8 /* GrandCentralDispatch.swift */ = {isa = PBXFileReference; lastKnownFileType = sourcecode.swift; path = GrandCentralDispatch.swift; sourceTree = "<group>"; };
		D290657F1FAC9A700090DCC8 /* Once.swift */ = {isa = PBXFileReference; lastKnownFileType = sourcecode.swift; path = Once.swift; sourceTree = "<group>"; };
		D29065811FAC9A700090DCC8 /* UITesting.swift */ = {isa = PBXFileReference; lastKnownFileType = sourcecode.swift; path = UITesting.swift; sourceTree = "<group>"; };
		D29065821FAC9A700090DCC8 /* Operator.swift */ = {isa = PBXFileReference; lastKnownFileType = sourcecode.swift; path = Operator.swift; sourceTree = "<group>"; };
		D29065831FAC9A700090DCC8 /* Swizzler.swift */ = {isa = PBXFileReference; lastKnownFileType = sourcecode.swift; path = Swizzler.swift; sourceTree = "<group>"; };
		D29065861FAC9A700090DCC8 /* NSDate+Extensions.swift */ = {isa = PBXFileReference; lastKnownFileType = sourcecode.swift; path = "NSDate+Extensions.swift"; sourceTree = "<group>"; };
		D29065871FAC9A700090DCC8 /* String+CoreFoundation.swift */ = {isa = PBXFileReference; lastKnownFileType = sourcecode.swift; path = "String+CoreFoundation.swift"; sourceTree = "<group>"; };
		D29065881FAC9A700090DCC8 /* Array+Queueable.swift */ = {isa = PBXFileReference; lastKnownFileType = sourcecode.swift; path = "Array+Queueable.swift"; sourceTree = "<group>"; };
		D29065891FAC9A700090DCC8 /* String+Empty.swift */ = {isa = PBXFileReference; lastKnownFileType = sourcecode.swift; path = "String+Empty.swift"; sourceTree = "<group>"; };
		D290658A1FAC9A700090DCC8 /* String+Extension.swift */ = {isa = PBXFileReference; lastKnownFileType = sourcecode.swift; path = "String+Extension.swift"; sourceTree = "<group>"; };
		D290658B1FAC9A700090DCC8 /* String+Regex.swift */ = {isa = PBXFileReference; lastKnownFileType = sourcecode.swift; path = "String+Regex.swift"; sourceTree = "<group>"; };
		D290658D1FAC9A700090DCC8 /* String+Validation.swift */ = {isa = PBXFileReference; lastKnownFileType = sourcecode.swift; path = "String+Validation.swift"; sourceTree = "<group>"; };
		D290658E1FAC9A700090DCC8 /* String+URLStringConvertible.swift */ = {isa = PBXFileReference; lastKnownFileType = sourcecode.swift; path = "String+URLStringConvertible.swift"; sourceTree = "<group>"; };
		D290658F1FAC9A700090DCC8 /* Double+DateTime.swift */ = {isa = PBXFileReference; lastKnownFileType = sourcecode.swift; path = "Double+DateTime.swift"; sourceTree = "<group>"; };
		D29065901FAC9A700090DCC8 /* TypeAlias.swift */ = {isa = PBXFileReference; lastKnownFileType = sourcecode.swift; path = TypeAlias.swift; sourceTree = "<group>"; };
		D29065911FAC9A700090DCC8 /* Then.swift */ = {isa = PBXFileReference; lastKnownFileType = sourcecode.swift; path = Then.swift; sourceTree = "<group>"; };
		D29065921FAC9A700090DCC8 /* Application.swift */ = {isa = PBXFileReference; lastKnownFileType = sourcecode.swift; path = Application.swift; sourceTree = "<group>"; };
		D29065931FAC9A700090DCC8 /* UnitTesting.swift */ = {isa = PBXFileReference; lastKnownFileType = sourcecode.swift; path = UnitTesting.swift; sourceTree = "<group>"; };
		D29065961FAC9A700090DCC8 /* Simulator.swift */ = {isa = PBXFileReference; lastKnownFileType = sourcecode.swift; path = Simulator.swift; sourceTree = "<group>"; };
		D29065981FAC9A700090DCC8 /* UIImage+RenderingMode.swift */ = {isa = PBXFileReference; lastKnownFileType = sourcecode.swift; path = "UIImage+RenderingMode.swift"; sourceTree = "<group>"; };
		D29065991FAC9A700090DCC8 /* UIImage+Extension.swift */ = {isa = PBXFileReference; lastKnownFileType = sourcecode.swift; path = "UIImage+Extension.swift"; sourceTree = "<group>"; };
		D290659A1FAC9A700090DCC8 /* UIView+Optimize.swift */ = {isa = PBXFileReference; lastKnownFileType = sourcecode.swift; path = "UIView+Optimize.swift"; sourceTree = "<group>"; };
		D290659B1FAC9A700090DCC8 /* UIView+Frame.swift */ = {isa = PBXFileReference; lastKnownFileType = sourcecode.swift; path = "UIView+Frame.swift"; sourceTree = "<group>"; };
		D290659C1FAC9A700090DCC8 /* UIView+AddSubviews.swift */ = {isa = PBXFileReference; lastKnownFileType = sourcecode.swift; path = "UIView+AddSubviews.swift"; sourceTree = "<group>"; };
		D290659D1FAC9A700090DCC8 /* UIDevice+Model.swift */ = {isa = PBXFileReference; lastKnownFileType = sourcecode.swift; path = "UIDevice+Model.swift"; sourceTree = "<group>"; };
		D290659E1FAC9A700090DCC8 /* Screen.swift */ = {isa = PBXFileReference; lastKnownFileType = sourcecode.swift; path = Screen.swift; sourceTree = "<group>"; };
		D290659F1FAC9A700090DCC8 /* Constraint.swift */ = {isa = PBXFileReference; lastKnownFileType = sourcecode.swift; path = Constraint.swift; sourceTree = "<group>"; };
		D29065A21FAC9A700090DCC8 /* KeyboardObserver.swift */ = {isa = PBXFileReference; lastKnownFileType = sourcecode.swift; path = KeyboardObserver.swift; sourceTree = "<group>"; };
		D29065A31FAC9A700090DCC8 /* CustomKeyboardHandler.swift */ = {isa = PBXFileReference; lastKnownFileType = sourcecode.swift; path = CustomKeyboardHandler.swift; sourceTree = "<group>"; };
		D29065A41FAC9A700090DCC8 /* BasicKeyboardHandler.swift */ = {isa = PBXFileReference; lastKnownFileType = sourcecode.swift; path = BasicKeyboardHandler.swift; sourceTree = "<group>"; };
		D29065A51FAC9A700090DCC8 /* InsetKeyboardHandler.swift */ = {isa = PBXFileReference; lastKnownFileType = sourcecode.swift; path = InsetKeyboardHandler.swift; sourceTree = "<group>"; };
		D29065A61FAC9A700090DCC8 /* KeyboardHandler.swift */ = {isa = PBXFileReference; lastKnownFileType = sourcecode.swift; path = KeyboardHandler.swift; sourceTree = "<group>"; };
		D29065A71FAC9A700090DCC8 /* ConstraintKeyboardHandler.swift */ = {isa = PBXFileReference; lastKnownFileType = sourcecode.swift; path = ConstraintKeyboardHandler.swift; sourceTree = "<group>"; };
		D29065A81FAC9A700090DCC8 /* KeyboardInfo.swift */ = {isa = PBXFileReference; lastKnownFileType = sourcecode.swift; path = KeyboardInfo.swift; sourceTree = "<group>"; };
		D29065FF1FAC9B5C0090DCC8 /* Utilities.swift */ = {isa = PBXFileReference; fileEncoding = 4; lastKnownFileType = sourcecode.swift; path = Utilities.swift; sourceTree = "<group>"; };
		D2FD14611CE5F30500EC080B /* TestDouble.swift */ = {isa = PBXFileReference; fileEncoding = 4; lastKnownFileType = sourcecode.swift; path = TestDouble.swift; sourceTree = "<group>"; };
		D56DAA781C206516003E7253 /* Sugar.framework */ = {isa = PBXFileReference; explicitFileType = wrapper.framework; includeInIndex = 0; path = Sugar.framework; sourceTree = BUILT_PRODUCTS_DIR; };
		D56DAA821C206516003E7253 /* Tests-iOS.xctest */ = {isa = PBXFileReference; explicitFileType = wrapper.cfbundle; includeInIndex = 0; path = "Tests-iOS.xctest"; sourceTree = BUILT_PRODUCTS_DIR; };
/* End PBXFileReference section */

/* Begin PBXFrameworksBuildPhase section */
		BD7B938F1D2BD93800BECFB1 /* Frameworks */ = {
			isa = PBXFrameworksBuildPhase;
			buildActionMask = 2147483647;
			files = (
			);
			runOnlyForDeploymentPostprocessing = 0;
		};
		BD9FDD4C1D2BDB1C0085F584 /* Frameworks */ = {
			isa = PBXFrameworksBuildPhase;
			buildActionMask = 2147483647;
			files = (
				BD9FDD541D2BDB1C0085F584 /* Sugar.framework in Frameworks */,
			);
			runOnlyForDeploymentPostprocessing = 0;
		};
		BDA447851C2946BB003FDEAD /* Frameworks */ = {
			isa = PBXFrameworksBuildPhase;
			buildActionMask = 2147483647;
			files = (
			);
			runOnlyForDeploymentPostprocessing = 0;
		};
		BDA4478F1C2946BC003FDEAD /* Frameworks */ = {
			isa = PBXFrameworksBuildPhase;
			buildActionMask = 2147483647;
			files = (
				BDA447931C2946BC003FDEAD /* Sugar.framework in Frameworks */,
			);
			runOnlyForDeploymentPostprocessing = 0;
		};
		D56DAA741C206516003E7253 /* Frameworks */ = {
			isa = PBXFrameworksBuildPhase;
			buildActionMask = 2147483647;
			files = (
			);
			runOnlyForDeploymentPostprocessing = 0;
		};
		D56DAA7F1C206516003E7253 /* Frameworks */ = {
			isa = PBXFrameworksBuildPhase;
			buildActionMask = 2147483647;
			files = (
				D56DAA831C206516003E7253 /* Sugar.framework in Frameworks */,
			);
			runOnlyForDeploymentPostprocessing = 0;
		};
/* End PBXFrameworksBuildPhase section */

/* Begin PBXGroup section */
		BD7B939B1D2BD95A00BECFB1 /* tvOS */ = {
			isa = PBXGroup;
			children = (
				BD7B939C1D2BD95A00BECFB1 /* Info.plist */,
			);
			path = tvOS;
			sourceTree = "<group>";
		};
		BDA447C61C294787003FDEAD /* Shared */ = {
			isa = PBXGroup;
			children = (
				BDA447C71C294787003FDEAD /* TestOperators.swift */,
				BDA447C81C294787003FDEAD /* TestQueueable.swift */,
				BDA447C91C294787003FDEAD /* TestString.swift */,
				BDA4481B1C295A01003FDEAD /* TestStringExtensionCoreFoundation.swift */,
				BD37B4EE1C2C07220069CD4A /* TestUnitTesting.swift */,
				D21D1B931CAE680F00BD068E /* TestDate.swift */,
				D2FD14611CE5F30500EC080B /* TestDouble.swift */,
				D218938E1EB0A37500130E65 /* OnceTests.swift */,
			);
			path = Shared;
			sourceTree = "<group>";
		};
		BDA447D01C294877003FDEAD /* Mac */ = {
			isa = PBXGroup;
			children = (
				BDA447D11C294877003FDEAD /* Info.plist */,
				BD18D5A11C391926002E6547 /* TestThen.swift */,
			);
			path = Mac;
			sourceTree = "<group>";
		};
		BDA447D21C294877003FDEAD /* iOS */ = {
			isa = PBXGroup;
			children = (
				BDA447D31C294877003FDEAD /* Info.plist */,
				BDAF15641C3917A90008A5D6 /* TestThen.swift */,
				D20FF62E1CD1FE6F000F3BFE /* TestUIImage.swift */,
			);
			path = iOS;
			sourceTree = "<group>";
		};
		BDA447D81C294925003FDEAD /* SupportFiles */ = {
			isa = PBXGroup;
			children = (
				BD7B939B1D2BD95A00BECFB1 /* tvOS */,
				BDA447D91C294925003FDEAD /* iOS */,
				BDA447DB1C294925003FDEAD /* Mac */,
			);
			path = SupportFiles;
			sourceTree = "<group>";
		};
		BDA447D91C294925003FDEAD /* iOS */ = {
			isa = PBXGroup;
			children = (
				BDA447DA1C294925003FDEAD /* Info.plist */,
			);
			path = iOS;
			sourceTree = "<group>";
		};
		BDA447DB1C294925003FDEAD /* Mac */ = {
			isa = PBXGroup;
			children = (
				BDA447DC1C294925003FDEAD /* Info.plist */,
			);
			path = Mac;
			sourceTree = "<group>";
		};
		D290657C1FAC9A700090DCC8 /* Sources */ = {
			isa = PBXGroup;
			children = (
				D290657D1FAC9A700090DCC8 /* Shared */,
				D29065941FAC9A700090DCC8 /* iOS */,
				D29065A01FAC9A700090DCC8 /* iOS-Exclusive */,
			);
			path = Sources;
			sourceTree = "<group>";
		};
		D290657D1FAC9A700090DCC8 /* Shared */ = {
			isa = PBXGroup;
			children = (
				D290657E1FAC9A700090DCC8 /* GrandCentralDispatch.swift */,
				D290657F1FAC9A700090DCC8 /* Once.swift */,
				D29065811FAC9A700090DCC8 /* UITesting.swift */,
				D29065821FAC9A700090DCC8 /* Operator.swift */,
				D29065831FAC9A700090DCC8 /* Swizzler.swift */,
				D29065851FAC9A700090DCC8 /* Extensions */,
				D29065901FAC9A700090DCC8 /* TypeAlias.swift */,
				D29065911FAC9A700090DCC8 /* Then.swift */,
				D29065921FAC9A700090DCC8 /* Application.swift */,
				D29065931FAC9A700090DCC8 /* UnitTesting.swift */,
			);
			path = Shared;
			sourceTree = "<group>";
		};
		D29065851FAC9A700090DCC8 /* Extensions */ = {
			isa = PBXGroup;
			children = (
				D29065861FAC9A700090DCC8 /* NSDate+Extensions.swift */,
				D29065871FAC9A700090DCC8 /* String+CoreFoundation.swift */,
				D29065881FAC9A700090DCC8 /* Array+Queueable.swift */,
				D29065891FAC9A700090DCC8 /* String+Empty.swift */,
				D290658A1FAC9A700090DCC8 /* String+Extension.swift */,
				D290658B1FAC9A700090DCC8 /* String+Regex.swift */,
				D290658D1FAC9A700090DCC8 /* String+Validation.swift */,
				D290658E1FAC9A700090DCC8 /* String+URLStringConvertible.swift */,
				D290658F1FAC9A700090DCC8 /* Double+DateTime.swift */,
			);
			path = Extensions;
			sourceTree = "<group>";
		};
		D29065941FAC9A700090DCC8 /* iOS */ = {
			isa = PBXGroup;
			children = (
				D29065961FAC9A700090DCC8 /* Simulator.swift */,
				D29065971FAC9A700090DCC8 /* Extensions */,
				D290659E1FAC9A700090DCC8 /* Screen.swift */,
				D290659F1FAC9A700090DCC8 /* Constraint.swift */,
			);
			path = iOS;
			sourceTree = "<group>";
		};
		D29065971FAC9A700090DCC8 /* Extensions */ = {
			isa = PBXGroup;
			children = (
				D290659D1FAC9A700090DCC8 /* UIDevice+Model.swift */,
				D29065991FAC9A700090DCC8 /* UIImage+Extension.swift */,
				D29065981FAC9A700090DCC8 /* UIImage+RenderingMode.swift */,
				25317F512307696100416CFE /* UIStackView+AddArrangedSubviews.swift */,
				D290659C1FAC9A700090DCC8 /* UIView+AddSubviews.swift */,
				D290659B1FAC9A700090DCC8 /* UIView+Frame.swift */,
				D290659A1FAC9A700090DCC8 /* UIView+Optimize.swift */,
			);
			path = Extensions;
			sourceTree = "<group>";
		};
		D29065A01FAC9A700090DCC8 /* iOS-Exclusive */ = {
			isa = PBXGroup;
			children = (
				D29065FF1FAC9B5C0090DCC8 /* Utilities.swift */,
				D29065A11FAC9A700090DCC8 /* Keyboard */,
			);
			path = "iOS-Exclusive";
			sourceTree = "<group>";
		};
		D29065A11FAC9A700090DCC8 /* Keyboard */ = {
			isa = PBXGroup;
			children = (
				D29065A21FAC9A700090DCC8 /* KeyboardObserver.swift */,
				D29065A31FAC9A700090DCC8 /* CustomKeyboardHandler.swift */,
				D29065A41FAC9A700090DCC8 /* BasicKeyboardHandler.swift */,
				D29065A51FAC9A700090DCC8 /* InsetKeyboardHandler.swift */,
				D29065A61FAC9A700090DCC8 /* KeyboardHandler.swift */,
				D29065A71FAC9A700090DCC8 /* ConstraintKeyboardHandler.swift */,
				D29065A81FAC9A700090DCC8 /* KeyboardInfo.swift */,
			);
			path = Keyboard;
			sourceTree = "<group>";
		};
		D56DAA6E1C206516003E7253 = {
			isa = PBXGroup;
			children = (
				D290657C1FAC9A700090DCC8 /* Sources */,
				D56DAA791C206516003E7253 /* Products */,
				BDA447D81C294925003FDEAD /* SupportFiles */,
				D56DAA941C206991003E7253 /* Tests */,
			);
			sourceTree = "<group>";
		};
		D56DAA791C206516003E7253 /* Products */ = {
			isa = PBXGroup;
			children = (
				D56DAA781C206516003E7253 /* Sugar.framework */,
				D56DAA821C206516003E7253 /* Tests-iOS.xctest */,
				BDA447891C2946BB003FDEAD /* Sugar.framework */,
				BDA447921C2946BC003FDEAD /* Tests-macOS.xctest */,
				BD7B93931D2BD93800BECFB1 /* Sugar.framework */,
				BD9FDD4F1D2BDB1C0085F584 /* Tests-tvOS.xctest */,
			);
			name = Products;
			sourceTree = "<group>";
		};
		D56DAA941C206991003E7253 /* Tests */ = {
			isa = PBXGroup;
			children = (
				BDA447D01C294877003FDEAD /* Mac */,
				BDA447D21C294877003FDEAD /* iOS */,
				BDA447C61C294787003FDEAD /* Shared */,
			);
			path = Tests;
			sourceTree = "<group>";
		};
/* End PBXGroup section */

/* Begin PBXHeadersBuildPhase section */
		BD7B93901D2BD93800BECFB1 /* Headers */ = {
			isa = PBXHeadersBuildPhase;
			buildActionMask = 2147483647;
			files = (
			);
			runOnlyForDeploymentPostprocessing = 0;
		};
		BDA447861C2946BB003FDEAD /* Headers */ = {
			isa = PBXHeadersBuildPhase;
			buildActionMask = 2147483647;
			files = (
			);
			runOnlyForDeploymentPostprocessing = 0;
		};
		D56DAA751C206516003E7253 /* Headers */ = {
			isa = PBXHeadersBuildPhase;
			buildActionMask = 2147483647;
			files = (
			);
			runOnlyForDeploymentPostprocessing = 0;
		};
/* End PBXHeadersBuildPhase section */

/* Begin PBXNativeTarget section */
		BD7B93921D2BD93800BECFB1 /* Sugar-tvOS */ = {
			isa = PBXNativeTarget;
			buildConfigurationList = BD7B939A1D2BD93800BECFB1 /* Build configuration list for PBXNativeTarget "Sugar-tvOS" */;
			buildPhases = (
				BD7B938E1D2BD93800BECFB1 /* Sources */,
				BD7B938F1D2BD93800BECFB1 /* Frameworks */,
				BD7B93901D2BD93800BECFB1 /* Headers */,
				BD7B93911D2BD93800BECFB1 /* Resources */,
			);
			buildRules = (
			);
			dependencies = (
			);
			name = "Sugar-tvOS";
			productName = "Sugar-tvOS";
			productReference = BD7B93931D2BD93800BECFB1 /* Sugar.framework */;
			productType = "com.apple.product-type.framework";
		};
		BD9FDD4E1D2BDB1C0085F584 /* Tests-tvOS */ = {
			isa = PBXNativeTarget;
			buildConfigurationList = BD9FDD571D2BDB1C0085F584 /* Build configuration list for PBXNativeTarget "Tests-tvOS" */;
			buildPhases = (
				BD9FDD4B1D2BDB1C0085F584 /* Sources */,
				BD9FDD4C1D2BDB1C0085F584 /* Frameworks */,
				BD9FDD4D1D2BDB1C0085F584 /* Resources */,
			);
			buildRules = (
			);
			dependencies = (
				BD9FDD561D2BDB1C0085F584 /* PBXTargetDependency */,
			);
			name = "Tests-tvOS";
			productName = "Tests-tvOS";
			productReference = BD9FDD4F1D2BDB1C0085F584 /* Tests-tvOS.xctest */;
			productType = "com.apple.product-type.bundle.unit-test";
		};
		BDA447881C2946BB003FDEAD /* Sugar-macOS */ = {
			isa = PBXNativeTarget;
			buildConfigurationList = BDA4479E1C2946BC003FDEAD /* Build configuration list for PBXNativeTarget "Sugar-macOS" */;
			buildPhases = (
				BDA447841C2946BB003FDEAD /* Sources */,
				BDA447851C2946BB003FDEAD /* Frameworks */,
				BDA447861C2946BB003FDEAD /* Headers */,
				BDA447871C2946BB003FDEAD /* Resources */,
			);
			buildRules = (
			);
			dependencies = (
			);
			name = "Sugar-macOS";
			productName = "Sugar-Mac";
			productReference = BDA447891C2946BB003FDEAD /* Sugar.framework */;
			productType = "com.apple.product-type.framework";
		};
		BDA447911C2946BC003FDEAD /* Tests-macOS */ = {
			isa = PBXNativeTarget;
			buildConfigurationList = BDA4479F1C2946BC003FDEAD /* Build configuration list for PBXNativeTarget "Tests-macOS" */;
			buildPhases = (
				BDA4478E1C2946BC003FDEAD /* Sources */,
				BDA4478F1C2946BC003FDEAD /* Frameworks */,
				BDA447901C2946BC003FDEAD /* Resources */,
			);
			buildRules = (
			);
			dependencies = (
				BDA447951C2946BC003FDEAD /* PBXTargetDependency */,
			);
			name = "Tests-macOS";
			productName = "Sugar-MacTests";
			productReference = BDA447921C2946BC003FDEAD /* Tests-macOS.xctest */;
			productType = "com.apple.product-type.bundle.unit-test";
		};
		D56DAA771C206516003E7253 /* Sugar-iOS */ = {
			isa = PBXNativeTarget;
			buildConfigurationList = D56DAA8C1C206516003E7253 /* Build configuration list for PBXNativeTarget "Sugar-iOS" */;
			buildPhases = (
				D56DAA731C206516003E7253 /* Sources */,
				D56DAA741C206516003E7253 /* Frameworks */,
				D56DAA751C206516003E7253 /* Headers */,
				D56DAA761C206516003E7253 /* Resources */,
			);
			buildRules = (
			);
			dependencies = (
			);
			name = "Sugar-iOS";
			productName = Sugar;
			productReference = D56DAA781C206516003E7253 /* Sugar.framework */;
			productType = "com.apple.product-type.framework";
		};
		D56DAA811C206516003E7253 /* Tests-iOS */ = {
			isa = PBXNativeTarget;
			buildConfigurationList = D56DAA8F1C206516003E7253 /* Build configuration list for PBXNativeTarget "Tests-iOS" */;
			buildPhases = (
				D56DAA7E1C206516003E7253 /* Sources */,
				D56DAA7F1C206516003E7253 /* Frameworks */,
				D56DAA801C206516003E7253 /* Resources */,
			);
			buildRules = (
			);
			dependencies = (
				D56DAA851C206516003E7253 /* PBXTargetDependency */,
			);
			name = "Tests-iOS";
			productName = SugarTests;
			productReference = D56DAA821C206516003E7253 /* Tests-iOS.xctest */;
			productType = "com.apple.product-type.bundle.unit-test";
		};
/* End PBXNativeTarget section */

/* Begin PBXProject section */
		D56DAA6F1C206516003E7253 /* Project object */ = {
			isa = PBXProject;
			attributes = {
				LastSwiftUpdateCheck = 0730;
				LastUpgradeCheck = 1020;
				ORGANIZATIONNAME = "Hyper Interaktiv AS";
				TargetAttributes = {
					BD7B93921D2BD93800BECFB1 = {
						CreatedOnToolsVersion = 7.3.1;
						LastSwiftMigration = 1030;
					};
					BD9FDD4E1D2BDB1C0085F584 = {
						CreatedOnToolsVersion = 7.3.1;
						DevelopmentTeam = YE74577HJH;
						LastSwiftMigration = 1030;
					};
					BDA447881C2946BB003FDEAD = {
						CreatedOnToolsVersion = 7.2;
						LastSwiftMigration = 1150;
					};
					BDA447911C2946BC003FDEAD = {
						CreatedOnToolsVersion = 7.2;
						LastSwiftMigration = 1150;
					};
					D56DAA771C206516003E7253 = {
						CreatedOnToolsVersion = 7.2;
						LastSwiftMigration = 1020;
					};
					D56DAA811C206516003E7253 = {
						CreatedOnToolsVersion = 7.2;
						DevelopmentTeam = YE74577HJH;
						LastSwiftMigration = 1020;
					};
				};
			};
			buildConfigurationList = D56DAA721C206516003E7253 /* Build configuration list for PBXProject "Sugar" */;
			compatibilityVersion = "Xcode 3.2";
			developmentRegion = en;
			hasScannedForEncodings = 0;
			knownRegions = (
				en,
				Base,
			);
			mainGroup = D56DAA6E1C206516003E7253;
			productRefGroup = D56DAA791C206516003E7253 /* Products */;
			projectDirPath = "";
			projectRoot = "";
			targets = (
				D56DAA771C206516003E7253 /* Sugar-iOS */,
				D56DAA811C206516003E7253 /* Tests-iOS */,
				BDA447881C2946BB003FDEAD /* Sugar-macOS */,
				BDA447911C2946BC003FDEAD /* Tests-macOS */,
				BD7B93921D2BD93800BECFB1 /* Sugar-tvOS */,
				BD9FDD4E1D2BDB1C0085F584 /* Tests-tvOS */,
			);
		};
/* End PBXProject section */

/* Begin PBXResourcesBuildPhase section */
		BD7B93911D2BD93800BECFB1 /* Resources */ = {
			isa = PBXResourcesBuildPhase;
			buildActionMask = 2147483647;
			files = (
			);
			runOnlyForDeploymentPostprocessing = 0;
		};
		BD9FDD4D1D2BDB1C0085F584 /* Resources */ = {
			isa = PBXResourcesBuildPhase;
			buildActionMask = 2147483647;
			files = (
			);
			runOnlyForDeploymentPostprocessing = 0;
		};
		BDA447871C2946BB003FDEAD /* Resources */ = {
			isa = PBXResourcesBuildPhase;
			buildActionMask = 2147483647;
			files = (
			);
			runOnlyForDeploymentPostprocessing = 0;
		};
		BDA447901C2946BC003FDEAD /* Resources */ = {
			isa = PBXResourcesBuildPhase;
			buildActionMask = 2147483647;
			files = (
			);
			runOnlyForDeploymentPostprocessing = 0;
		};
		D56DAA761C206516003E7253 /* Resources */ = {
			isa = PBXResourcesBuildPhase;
			buildActionMask = 2147483647;
			files = (
			);
			runOnlyForDeploymentPostprocessing = 0;
		};
		D56DAA801C206516003E7253 /* Resources */ = {
			isa = PBXResourcesBuildPhase;
			buildActionMask = 2147483647;
			files = (
			);
			runOnlyForDeploymentPostprocessing = 0;
		};
/* End PBXResourcesBuildPhase section */

/* Begin PBXSourcesBuildPhase section */
		BD7B938E1D2BD93800BECFB1 /* Sources */ = {
			isa = PBXSourcesBuildPhase;
			buildActionMask = 2147483647;
			files = (
				D29065E21FAC9A7E0090DCC8 /* String+Extension.swift in Sources */,
				D29065E31FAC9A7E0090DCC8 /* String+Regex.swift in Sources */,
				D29065DE1FAC9A7E0090DCC8 /* NSDate+Extensions.swift in Sources */,
				D29065F71FAC9A8A0090DCC8 /* Simulator.swift in Sources */,
				D29065C81FAC9A790090DCC8 /* Application.swift in Sources */,
				D29065E71FAC9A7E0090DCC8 /* Double+DateTime.swift in Sources */,
				D29065EA1FAC9A850090DCC8 /* UIView+Optimize.swift in Sources */,
				D29065C01FAC9A790090DCC8 /* Once.swift in Sources */,
				D29065C71FAC9A790090DCC8 /* Then.swift in Sources */,
				D29065BF1FAC9A790090DCC8 /* GrandCentralDispatch.swift in Sources */,
				D29065E61FAC9A7E0090DCC8 /* String+URLStringConvertible.swift in Sources */,
				D29065E91FAC9A850090DCC8 /* UIImage+Extension.swift in Sources */,
				D29065E01FAC9A7E0090DCC8 /* Array+Queueable.swift in Sources */,
				D29065ED1FAC9A850090DCC8 /* UIDevice+Model.swift in Sources */,
				D29065C31FAC9A790090DCC8 /* Operator.swift in Sources */,
				D29065E81FAC9A850090DCC8 /* UIImage+RenderingMode.swift in Sources */,
				D29065C21FAC9A790090DCC8 /* UITesting.swift in Sources */,
				D29065EB1FAC9A850090DCC8 /* UIView+Frame.swift in Sources */,
				D29065EC1FAC9A850090DCC8 /* UIView+AddSubviews.swift in Sources */,
				D29065E51FAC9A7E0090DCC8 /* String+Validation.swift in Sources */,
				D29065C91FAC9A790090DCC8 /* UnitTesting.swift in Sources */,
				D29065E11FAC9A7E0090DCC8 /* String+Empty.swift in Sources */,
				D29065C61FAC9A790090DCC8 /* TypeAlias.swift in Sources */,
				D29065C41FAC9A790090DCC8 /* Swizzler.swift in Sources */,
				D29065DF1FAC9A7E0090DCC8 /* String+CoreFoundation.swift in Sources */,
			);
			runOnlyForDeploymentPostprocessing = 0;
		};
		BD9FDD4B1D2BDB1C0085F584 /* Sources */ = {
			isa = PBXSourcesBuildPhase;
			buildActionMask = 2147483647;
			files = (
				BD9FDD5A1D2BDB620085F584 /* TestThen.swift in Sources */,
				BD9FDD5B1D2BDB620085F584 /* TestUIImage.swift in Sources */,
				BD9FDD5C1D2BDB620085F584 /* TestOperators.swift in Sources */,
				BD9FDD5D1D2BDB620085F584 /* TestQueueable.swift in Sources */,
				BD9FDD5F1D2BDB620085F584 /* TestStringExtensionCoreFoundation.swift in Sources */,
				BD9FDD601D2BDB620085F584 /* TestUnitTesting.swift in Sources */,
				BD9FDD621D2BDB620085F584 /* TestDate.swift in Sources */,
				BD9FDD631D2BDB620085F584 /* TestDouble.swift in Sources */,
				D21893911EB0A37500130E65 /* OnceTests.swift in Sources */,
			);
			runOnlyForDeploymentPostprocessing = 0;
		};
		BDA447841C2946BB003FDEAD /* Sources */ = {
			isa = PBXSourcesBuildPhase;
			buildActionMask = 2147483647;
			files = (
				D29065D81FAC9A7D0090DCC8 /* String+Extension.swift in Sources */,
				D29065D91FAC9A7D0090DCC8 /* String+Regex.swift in Sources */,
				D29065D41FAC9A7D0090DCC8 /* NSDate+Extensions.swift in Sources */,
				D29065BD1FAC9A780090DCC8 /* Application.swift in Sources */,
				D29065DD1FAC9A7D0090DCC8 /* Double+DateTime.swift in Sources */,
				D29065B51FAC9A780090DCC8 /* Once.swift in Sources */,
				D29065BC1FAC9A780090DCC8 /* Then.swift in Sources */,
				D29065B41FAC9A780090DCC8 /* GrandCentralDispatch.swift in Sources */,
				D29065DC1FAC9A7D0090DCC8 /* String+URLStringConvertible.swift in Sources */,
				D29065D61FAC9A7D0090DCC8 /* Array+Queueable.swift in Sources */,
				D29065B81FAC9A780090DCC8 /* Operator.swift in Sources */,
				D29065B71FAC9A780090DCC8 /* UITesting.swift in Sources */,
				D29065DB1FAC9A7D0090DCC8 /* String+Validation.swift in Sources */,
				D29065BE1FAC9A780090DCC8 /* UnitTesting.swift in Sources */,
				D29065D71FAC9A7D0090DCC8 /* String+Empty.swift in Sources */,
				D29065BB1FAC9A780090DCC8 /* TypeAlias.swift in Sources */,
				D29065B91FAC9A780090DCC8 /* Swizzler.swift in Sources */,
				D29065D51FAC9A7D0090DCC8 /* String+CoreFoundation.swift in Sources */,
			);
			runOnlyForDeploymentPostprocessing = 0;
		};
		BDA4478E1C2946BC003FDEAD /* Sources */ = {
			isa = PBXSourcesBuildPhase;
			buildActionMask = 2147483647;
			files = (
				D2FD14631CE5F30500EC080B /* TestDouble.swift in Sources */,
				BDA447CD1C294787003FDEAD /* TestQueueable.swift in Sources */,
				BDA447CB1C294787003FDEAD /* TestOperators.swift in Sources */,
				BDA4481D1C295A01003FDEAD /* TestStringExtensionCoreFoundation.swift in Sources */,
				BDA447CF1C294787003FDEAD /* TestString.swift in Sources */,
				BD18D5A21C391926002E6547 /* TestThen.swift in Sources */,
				D21893901EB0A37500130E65 /* OnceTests.swift in Sources */,
				BD37B4F01C2C07220069CD4A /* TestUnitTesting.swift in Sources */,
				D21D1B951CAE680F00BD068E /* TestDate.swift in Sources */,
			);
			runOnlyForDeploymentPostprocessing = 0;
		};
		D56DAA731C206516003E7253 /* Sources */ = {
			isa = PBXSourcesBuildPhase;
			buildActionMask = 2147483647;
			files = (
				D29065CE1FAC9A7D0090DCC8 /* String+Extension.swift in Sources */,
				D29065CF1FAC9A7D0090DCC8 /* String+Regex.swift in Sources */,
				D29065CA1FAC9A7D0090DCC8 /* NSDate+Extensions.swift in Sources */,
				D29065FD1FAC9A8F0090DCC8 /* ConstraintKeyboardHandler.swift in Sources */,
				D29065F51FAC9A890090DCC8 /* Simulator.swift in Sources */,
				D29065B21FAC9A780090DCC8 /* Application.swift in Sources */,
				D29066001FAC9B5C0090DCC8 /* Utilities.swift in Sources */,
				D29065FA1FAC9A8F0090DCC8 /* BasicKeyboardHandler.swift in Sources */,
				D29065D31FAC9A7D0090DCC8 /* Double+DateTime.swift in Sources */,
				D29065F01FAC9A860090DCC8 /* UIView+Optimize.swift in Sources */,
				D29065AA1FAC9A780090DCC8 /* Once.swift in Sources */,
				D29065B11FAC9A780090DCC8 /* Then.swift in Sources */,
				D29065F81FAC9A8F0090DCC8 /* KeyboardObserver.swift in Sources */,
				D29065A91FAC9A780090DCC8 /* GrandCentralDispatch.swift in Sources */,
				D29065F91FAC9A8F0090DCC8 /* CustomKeyboardHandler.swift in Sources */,
				D29065D21FAC9A7D0090DCC8 /* String+URLStringConvertible.swift in Sources */,
				D29065EF1FAC9A860090DCC8 /* UIImage+Extension.swift in Sources */,
				D29065CC1FAC9A7D0090DCC8 /* Array+Queueable.swift in Sources */,
				D29065FB1FAC9A8F0090DCC8 /* InsetKeyboardHandler.swift in Sources */,
				D29065F31FAC9A860090DCC8 /* UIDevice+Model.swift in Sources */,
				D29065AD1FAC9A780090DCC8 /* Operator.swift in Sources */,
				D29065EE1FAC9A850090DCC8 /* UIImage+RenderingMode.swift in Sources */,
				D29065AC1FAC9A780090DCC8 /* UITesting.swift in Sources */,
				D29065F11FAC9A860090DCC8 /* UIView+Frame.swift in Sources */,
				D29065FE1FAC9A8F0090DCC8 /* KeyboardInfo.swift in Sources */,
				25317F522307696100416CFE /* UIStackView+AddArrangedSubviews.swift in Sources */,
				D29065FC1FAC9A8F0090DCC8 /* KeyboardHandler.swift in Sources */,
				D29065F21FAC9A860090DCC8 /* UIView+AddSubviews.swift in Sources */,
				D29065D11FAC9A7D0090DCC8 /* String+Validation.swift in Sources */,
				D29065B31FAC9A780090DCC8 /* UnitTesting.swift in Sources */,
				D29065CD1FAC9A7D0090DCC8 /* String+Empty.swift in Sources */,
				D29065B01FAC9A780090DCC8 /* TypeAlias.swift in Sources */,
				D29065AE1FAC9A780090DCC8 /* Swizzler.swift in Sources */,
				D29065CB1FAC9A7D0090DCC8 /* String+CoreFoundation.swift in Sources */,
			);
			runOnlyForDeploymentPostprocessing = 0;
		};
		D56DAA7E1C206516003E7253 /* Sources */ = {
			isa = PBXSourcesBuildPhase;
			buildActionMask = 2147483647;
			files = (
				D21D1B941CAE680F00BD068E /* TestDate.swift in Sources */,
				BDA447CE1C294787003FDEAD /* TestString.swift in Sources */,
				D20FF62F1CD1FE6F000F3BFE /* TestUIImage.swift in Sources */,
				D218938F1EB0A37500130E65 /* OnceTests.swift in Sources */,
				BDAF15651C3917A90008A5D6 /* TestThen.swift in Sources */,
				BDA447CA1C294787003FDEAD /* TestOperators.swift in Sources */,
				D2FD14621CE5F30500EC080B /* TestDouble.swift in Sources */,
				BDA4481C1C295A01003FDEAD /* TestStringExtensionCoreFoundation.swift in Sources */,
				BDA447CC1C294787003FDEAD /* TestQueueable.swift in Sources */,
				BD37B4EF1C2C07220069CD4A /* TestUnitTesting.swift in Sources */,
			);
			runOnlyForDeploymentPostprocessing = 0;
		};
/* End PBXSourcesBuildPhase section */

/* Begin PBXTargetDependency section */
		BD9FDD561D2BDB1C0085F584 /* PBXTargetDependency */ = {
			isa = PBXTargetDependency;
			target = BD7B93921D2BD93800BECFB1 /* Sugar-tvOS */;
			targetProxy = BD9FDD551D2BDB1C0085F584 /* PBXContainerItemProxy */;
		};
		BDA447951C2946BC003FDEAD /* PBXTargetDependency */ = {
			isa = PBXTargetDependency;
			target = BDA447881C2946BB003FDEAD /* Sugar-macOS */;
			targetProxy = BDA447941C2946BC003FDEAD /* PBXContainerItemProxy */;
		};
		D56DAA851C206516003E7253 /* PBXTargetDependency */ = {
			isa = PBXTargetDependency;
			target = D56DAA771C206516003E7253 /* Sugar-iOS */;
			targetProxy = D56DAA841C206516003E7253 /* PBXContainerItemProxy */;
		};
/* End PBXTargetDependency section */

/* Begin XCBuildConfiguration section */
		BD7B93981D2BD93800BECFB1 /* Debug */ = {
			isa = XCBuildConfiguration;
			buildSettings = {
				CLANG_ANALYZER_NONNULL = YES;
				"CODE_SIGN_IDENTITY[sdk=appletvos*]" = "";
				DEFINES_MODULE = YES;
				DYLIB_COMPATIBILITY_VERSION = 1;
				DYLIB_CURRENT_VERSION = 1;
				DYLIB_INSTALL_NAME_BASE = "@rpath";
				INFOPLIST_FILE = "$(SRCROOT)/SupportFiles/tvOS/Info.plist";
				INSTALL_PATH = "$(LOCAL_LIBRARY_DIR)/Frameworks";
				LD_RUNPATH_SEARCH_PATHS = "$(inherited) @executable_path/Frameworks @loader_path/Frameworks";
				PRODUCT_BUNDLE_IDENTIFIER = "no.hyper.Sugar-tvOS";
				PRODUCT_MODULE_NAME = "$(PRODUCT_NAME:c99extidentifier)";
				PRODUCT_NAME = Sugar;
				SDKROOT = appletvos;
				SKIP_INSTALL = YES;
				SWIFT_VERSION = 5.0;
				TARGETED_DEVICE_FAMILY = 3;
				TVOS_DEPLOYMENT_TARGET = 9.2;
			};
			name = Debug;
		};
		BD7B93991D2BD93800BECFB1 /* Release */ = {
			isa = XCBuildConfiguration;
			buildSettings = {
				CLANG_ANALYZER_NONNULL = YES;
				"CODE_SIGN_IDENTITY[sdk=appletvos*]" = "";
				DEFINES_MODULE = YES;
				DYLIB_COMPATIBILITY_VERSION = 1;
				DYLIB_CURRENT_VERSION = 1;
				DYLIB_INSTALL_NAME_BASE = "@rpath";
				INFOPLIST_FILE = "$(SRCROOT)/SupportFiles/tvOS/Info.plist";
				INSTALL_PATH = "$(LOCAL_LIBRARY_DIR)/Frameworks";
				LD_RUNPATH_SEARCH_PATHS = "$(inherited) @executable_path/Frameworks @loader_path/Frameworks";
				PRODUCT_BUNDLE_IDENTIFIER = "no.hyper.Sugar-tvOS";
				PRODUCT_MODULE_NAME = "$(PRODUCT_NAME:c99extidentifier)";
				PRODUCT_NAME = Sugar;
				SDKROOT = appletvos;
				SKIP_INSTALL = YES;
				SWIFT_VERSION = 5.0;
				TARGETED_DEVICE_FAMILY = 3;
				TVOS_DEPLOYMENT_TARGET = 9.2;
			};
			name = Release;
		};
		BD9FDD581D2BDB1C0085F584 /* Debug */ = {
			isa = XCBuildConfiguration;
			buildSettings = {
				ALWAYS_EMBED_SWIFT_STANDARD_LIBRARIES = YES;
				CLANG_ANALYZER_NONNULL = YES;
				DEVELOPMENT_TEAM = YE74577HJH;
				INFOPLIST_FILE = "$(SRCROOT)/Tests/tvOS/Info.plist";
				LD_RUNPATH_SEARCH_PATHS = "$(inherited) @executable_path/Frameworks @loader_path/Frameworks";
				PRODUCT_BUNDLE_IDENTIFIER = "no.hyper.Tests-tvOS";
				PRODUCT_NAME = "$(TARGET_NAME)";
				SDKROOT = appletvos;
				SWIFT_VERSION = 5.0;
				TVOS_DEPLOYMENT_TARGET = 9.2;
			};
			name = Debug;
		};
		BD9FDD591D2BDB1C0085F584 /* Release */ = {
			isa = XCBuildConfiguration;
			buildSettings = {
				ALWAYS_EMBED_SWIFT_STANDARD_LIBRARIES = YES;
				CLANG_ANALYZER_NONNULL = YES;
				DEVELOPMENT_TEAM = YE74577HJH;
				INFOPLIST_FILE = "$(SRCROOT)/Tests/tvOS/Info.plist";
				LD_RUNPATH_SEARCH_PATHS = "$(inherited) @executable_path/Frameworks @loader_path/Frameworks";
				PRODUCT_BUNDLE_IDENTIFIER = "no.hyper.Tests-tvOS";
				PRODUCT_NAME = "$(TARGET_NAME)";
				SDKROOT = appletvos;
				SWIFT_VERSION = 5.0;
				TVOS_DEPLOYMENT_TARGET = 9.2;
			};
			name = Release;
		};
		BDA4479A1C2946BC003FDEAD /* Debug */ = {
			isa = XCBuildConfiguration;
			buildSettings = {
				CODE_SIGN_IDENTITY = "";
				COMBINE_HIDPI_IMAGES = YES;
				DEFINES_MODULE = YES;
				DYLIB_COMPATIBILITY_VERSION = 1;
				DYLIB_CURRENT_VERSION = 1;
				DYLIB_INSTALL_NAME_BASE = "@rpath";
				FRAMEWORK_VERSION = A;
				INFOPLIST_FILE = "$(SRCROOT)/SupportFiles/Mac/Info.plist";
				INSTALL_PATH = "$(LOCAL_LIBRARY_DIR)/Frameworks";
				LD_RUNPATH_SEARCH_PATHS = "$(inherited) @executable_path/../Frameworks @loader_path/Frameworks";
				MACOSX_DEPLOYMENT_TARGET = 10.10;
				PRODUCT_BUNDLE_IDENTIFIER = "no.hyper.Sugar-Mac";
				PRODUCT_NAME = Sugar;
				SDKROOT = macosx;
				SKIP_INSTALL = YES;
				SWIFT_VERSION = 5.0;
				TARGETED_DEVICE_FAMILY = "1,2";
			};
			name = Debug;
		};
		BDA4479B1C2946BC003FDEAD /* Release */ = {
			isa = XCBuildConfiguration;
			buildSettings = {
				CODE_SIGN_IDENTITY = "";
				COMBINE_HIDPI_IMAGES = YES;
				DEFINES_MODULE = YES;
				DYLIB_COMPATIBILITY_VERSION = 1;
				DYLIB_CURRENT_VERSION = 1;
				DYLIB_INSTALL_NAME_BASE = "@rpath";
				FRAMEWORK_VERSION = A;
				INFOPLIST_FILE = "$(SRCROOT)/SupportFiles/Mac/Info.plist";
				INSTALL_PATH = "$(LOCAL_LIBRARY_DIR)/Frameworks";
				LD_RUNPATH_SEARCH_PATHS = "$(inherited) @executable_path/../Frameworks @loader_path/Frameworks";
				MACOSX_DEPLOYMENT_TARGET = 10.10;
				PRODUCT_BUNDLE_IDENTIFIER = "no.hyper.Sugar-Mac";
				PRODUCT_NAME = Sugar;
				SDKROOT = macosx;
				SKIP_INSTALL = YES;
				SWIFT_VERSION = 5.0;
				TARGETED_DEVICE_FAMILY = "1,2";
			};
			name = Release;
		};
		BDA4479C1C2946BC003FDEAD /* Debug */ = {
			isa = XCBuildConfiguration;
			buildSettings = {
				ALWAYS_EMBED_SWIFT_STANDARD_LIBRARIES = YES;
				CODE_SIGN_IDENTITY = "-";
				COMBINE_HIDPI_IMAGES = YES;
				INFOPLIST_FILE = "$(SRCROOT)/Tests/Mac/Info.plist";
				LD_RUNPATH_SEARCH_PATHS = "$(inherited) @executable_path/../Frameworks @loader_path/../Frameworks";
				MACOSX_DEPLOYMENT_TARGET = 10.11;
				PRODUCT_BUNDLE_IDENTIFIER = "no.hyper.Sugar-MacTests";
				PRODUCT_NAME = "$(TARGET_NAME)";
				SDKROOT = macosx;
				SWIFT_VERSION = 5.0;
			};
			name = Debug;
		};
		BDA4479D1C2946BC003FDEAD /* Release */ = {
			isa = XCBuildConfiguration;
			buildSettings = {
				ALWAYS_EMBED_SWIFT_STANDARD_LIBRARIES = YES;
				CODE_SIGN_IDENTITY = "-";
				COMBINE_HIDPI_IMAGES = YES;
				INFOPLIST_FILE = "$(SRCROOT)/Tests/Mac/Info.plist";
				LD_RUNPATH_SEARCH_PATHS = "$(inherited) @executable_path/../Frameworks @loader_path/../Frameworks";
				MACOSX_DEPLOYMENT_TARGET = 10.11;
				PRODUCT_BUNDLE_IDENTIFIER = "no.hyper.Sugar-MacTests";
				PRODUCT_NAME = "$(TARGET_NAME)";
				SDKROOT = macosx;
				SWIFT_VERSION = 5.0;
			};
			name = Release;
		};
		D56DAA8A1C206516003E7253 /* Debug */ = {
			isa = XCBuildConfiguration;
			buildSettings = {
				ALWAYS_SEARCH_USER_PATHS = NO;
				CLANG_ANALYZER_LOCALIZABILITY_NONLOCALIZED = YES;
				CLANG_CXX_LANGUAGE_STANDARD = "gnu++0x";
				CLANG_CXX_LIBRARY = "libc++";
				CLANG_ENABLE_MODULES = YES;
				CLANG_ENABLE_OBJC_ARC = YES;
				CLANG_WARN_BLOCK_CAPTURE_AUTORELEASING = YES;
				CLANG_WARN_BOOL_CONVERSION = YES;
				CLANG_WARN_COMMA = YES;
				CLANG_WARN_CONSTANT_CONVERSION = YES;
				CLANG_WARN_DEPRECATED_OBJC_IMPLEMENTATIONS = YES;
				CLANG_WARN_DIRECT_OBJC_ISA_USAGE = YES_ERROR;
				CLANG_WARN_EMPTY_BODY = YES;
				CLANG_WARN_ENUM_CONVERSION = YES;
				CLANG_WARN_INFINITE_RECURSION = YES;
				CLANG_WARN_INT_CONVERSION = YES;
				CLANG_WARN_NON_LITERAL_NULL_CONVERSION = YES;
				CLANG_WARN_OBJC_IMPLICIT_RETAIN_SELF = YES;
				CLANG_WARN_OBJC_LITERAL_CONVERSION = YES;
				CLANG_WARN_OBJC_ROOT_CLASS = YES_ERROR;
				CLANG_WARN_RANGE_LOOP_ANALYSIS = YES;
				CLANG_WARN_STRICT_PROTOTYPES = YES;
				CLANG_WARN_SUSPICIOUS_MOVE = YES;
				CLANG_WARN_UNREACHABLE_CODE = YES;
				CLANG_WARN__DUPLICATE_METHOD_MATCH = YES;
				"CODE_SIGN_IDENTITY[sdk=iphoneos*]" = "iPhone Developer";
				COPY_PHASE_STRIP = NO;
				CURRENT_PROJECT_VERSION = 1;
				DEBUG_INFORMATION_FORMAT = dwarf;
				ENABLE_STRICT_OBJC_MSGSEND = YES;
				ENABLE_TESTABILITY = YES;
				GCC_C_LANGUAGE_STANDARD = gnu99;
				GCC_DYNAMIC_NO_PIC = NO;
				GCC_NO_COMMON_BLOCKS = YES;
				GCC_OPTIMIZATION_LEVEL = 0;
				GCC_PREPROCESSOR_DEFINITIONS = (
					"DEBUG=1",
					"$(inherited)",
				);
				GCC_WARN_64_TO_32_BIT_CONVERSION = YES;
				GCC_WARN_ABOUT_RETURN_TYPE = YES_ERROR;
				GCC_WARN_UNDECLARED_SELECTOR = YES;
				GCC_WARN_UNINITIALIZED_AUTOS = YES_AGGRESSIVE;
				GCC_WARN_UNUSED_FUNCTION = YES;
				GCC_WARN_UNUSED_VARIABLE = YES;
				IPHONEOS_DEPLOYMENT_TARGET = 9.2;
				MACOSX_DEPLOYMENT_TARGET = 10.10;
				MTL_ENABLE_DEBUG_INFO = YES;
				ONLY_ACTIVE_ARCH = YES;
				SDKROOT = iphoneos;
				SWIFT_OPTIMIZATION_LEVEL = "-Onone";
				SWIFT_VERSION = 4.2;
				TARGETED_DEVICE_FAMILY = "1,2,3";
				VERSIONING_SYSTEM = "apple-generic";
				VERSION_INFO_PREFIX = "";
			};
			name = Debug;
		};
		D56DAA8B1C206516003E7253 /* Release */ = {
			isa = XCBuildConfiguration;
			buildSettings = {
				ALWAYS_SEARCH_USER_PATHS = NO;
				CLANG_ANALYZER_LOCALIZABILITY_NONLOCALIZED = YES;
				CLANG_CXX_LANGUAGE_STANDARD = "gnu++0x";
				CLANG_CXX_LIBRARY = "libc++";
				CLANG_ENABLE_MODULES = YES;
				CLANG_ENABLE_OBJC_ARC = YES;
				CLANG_WARN_BLOCK_CAPTURE_AUTORELEASING = YES;
				CLANG_WARN_BOOL_CONVERSION = YES;
				CLANG_WARN_COMMA = YES;
				CLANG_WARN_CONSTANT_CONVERSION = YES;
				CLANG_WARN_DEPRECATED_OBJC_IMPLEMENTATIONS = YES;
				CLANG_WARN_DIRECT_OBJC_ISA_USAGE = YES_ERROR;
				CLANG_WARN_EMPTY_BODY = YES;
				CLANG_WARN_ENUM_CONVERSION = YES;
				CLANG_WARN_INFINITE_RECURSION = YES;
				CLANG_WARN_INT_CONVERSION = YES;
				CLANG_WARN_NON_LITERAL_NULL_CONVERSION = YES;
				CLANG_WARN_OBJC_IMPLICIT_RETAIN_SELF = YES;
				CLANG_WARN_OBJC_LITERAL_CONVERSION = YES;
				CLANG_WARN_OBJC_ROOT_CLASS = YES_ERROR;
				CLANG_WARN_RANGE_LOOP_ANALYSIS = YES;
				CLANG_WARN_STRICT_PROTOTYPES = YES;
				CLANG_WARN_SUSPICIOUS_MOVE = YES;
				CLANG_WARN_UNREACHABLE_CODE = YES;
				CLANG_WARN__DUPLICATE_METHOD_MATCH = YES;
				"CODE_SIGN_IDENTITY[sdk=iphoneos*]" = "iPhone Developer";
				COPY_PHASE_STRIP = NO;
				CURRENT_PROJECT_VERSION = 1;
				DEBUG_INFORMATION_FORMAT = "dwarf-with-dsym";
				ENABLE_NS_ASSERTIONS = NO;
				ENABLE_STRICT_OBJC_MSGSEND = YES;
				GCC_C_LANGUAGE_STANDARD = gnu99;
				GCC_NO_COMMON_BLOCKS = YES;
				GCC_WARN_64_TO_32_BIT_CONVERSION = YES;
				GCC_WARN_ABOUT_RETURN_TYPE = YES_ERROR;
				GCC_WARN_UNDECLARED_SELECTOR = YES;
				GCC_WARN_UNINITIALIZED_AUTOS = YES_AGGRESSIVE;
				GCC_WARN_UNUSED_FUNCTION = YES;
				GCC_WARN_UNUSED_VARIABLE = YES;
				IPHONEOS_DEPLOYMENT_TARGET = 9.2;
				MACOSX_DEPLOYMENT_TARGET = 10.10;
				MTL_ENABLE_DEBUG_INFO = NO;
				SDKROOT = iphoneos;
				SWIFT_OPTIMIZATION_LEVEL = "-Owholemodule";
				SWIFT_VERSION = 4.2;
				TARGETED_DEVICE_FAMILY = "1,2,3";
				VALIDATE_PRODUCT = YES;
				VERSIONING_SYSTEM = "apple-generic";
				VERSION_INFO_PREFIX = "";
			};
			name = Release;
		};
		D56DAA8D1C206516003E7253 /* Debug */ = {
			isa = XCBuildConfiguration;
			buildSettings = {
				"CODE_SIGN_IDENTITY[sdk=iphoneos*]" = "";
				DEFINES_MODULE = YES;
				DYLIB_COMPATIBILITY_VERSION = 1;
				DYLIB_CURRENT_VERSION = 1;
				DYLIB_INSTALL_NAME_BASE = "@rpath";
				INFOPLIST_FILE = "$(SRCROOT)/SupportFiles/iOS/Info.plist";
				INSTALL_PATH = "$(LOCAL_LIBRARY_DIR)/Frameworks";
				IPHONEOS_DEPLOYMENT_TARGET = 8.0;
				LD_RUNPATH_SEARCH_PATHS = "$(inherited) @executable_path/Frameworks @loader_path/Frameworks";
				PRODUCT_BUNDLE_IDENTIFIER = no.hyper.Sugar;
				PRODUCT_NAME = Sugar;
				SKIP_INSTALL = YES;
				SWIFT_VERSION = 5.0;
			};
			name = Debug;
		};
		D56DAA8E1C206516003E7253 /* Release */ = {
			isa = XCBuildConfiguration;
			buildSettings = {
				"CODE_SIGN_IDENTITY[sdk=iphoneos*]" = "";
				DEFINES_MODULE = YES;
				DYLIB_COMPATIBILITY_VERSION = 1;
				DYLIB_CURRENT_VERSION = 1;
				DYLIB_INSTALL_NAME_BASE = "@rpath";
				INFOPLIST_FILE = "$(SRCROOT)/SupportFiles/iOS/Info.plist";
				INSTALL_PATH = "$(LOCAL_LIBRARY_DIR)/Frameworks";
				IPHONEOS_DEPLOYMENT_TARGET = 8.0;
				LD_RUNPATH_SEARCH_PATHS = "$(inherited) @executable_path/Frameworks @loader_path/Frameworks";
				PRODUCT_BUNDLE_IDENTIFIER = no.hyper.Sugar;
				PRODUCT_NAME = Sugar;
				SKIP_INSTALL = YES;
				SWIFT_VERSION = 5.0;
			};
			name = Release;
		};
		D56DAA901C206516003E7253 /* Debug */ = {
			isa = XCBuildConfiguration;
			buildSettings = {
				ALWAYS_EMBED_SWIFT_STANDARD_LIBRARIES = YES;
				DEVELOPMENT_TEAM = YE74577HJH;
				INFOPLIST_FILE = "$(SRCROOT)/Tests/iOS/Info.plist";
				LD_RUNPATH_SEARCH_PATHS = "$(inherited) @executable_path/Frameworks @loader_path/Frameworks";
				PRODUCT_BUNDLE_IDENTIFIER = no.hyper.SugarTests;
				PRODUCT_NAME = "$(TARGET_NAME)";
				SWIFT_VERSION = 5.0;
			};
			name = Debug;
		};
		D56DAA911C206516003E7253 /* Release */ = {
			isa = XCBuildConfiguration;
			buildSettings = {
				ALWAYS_EMBED_SWIFT_STANDARD_LIBRARIES = YES;
				DEVELOPMENT_TEAM = YE74577HJH;
				INFOPLIST_FILE = "$(SRCROOT)/Tests/iOS/Info.plist";
				LD_RUNPATH_SEARCH_PATHS = "$(inherited) @executable_path/Frameworks @loader_path/Frameworks";
				PRODUCT_BUNDLE_IDENTIFIER = no.hyper.SugarTests;
				PRODUCT_NAME = "$(TARGET_NAME)";
				SWIFT_VERSION = 5.0;
			};
			name = Release;
		};
/* End XCBuildConfiguration section */

/* Begin XCConfigurationList section */
		BD7B939A1D2BD93800BECFB1 /* Build configuration list for PBXNativeTarget "Sugar-tvOS" */ = {
			isa = XCConfigurationList;
			buildConfigurations = (
				BD7B93981D2BD93800BECFB1 /* Debug */,
				BD7B93991D2BD93800BECFB1 /* Release */,
			);
			defaultConfigurationIsVisible = 0;
			defaultConfigurationName = Release;
		};
		BD9FDD571D2BDB1C0085F584 /* Build configuration list for PBXNativeTarget "Tests-tvOS" */ = {
			isa = XCConfigurationList;
			buildConfigurations = (
				BD9FDD581D2BDB1C0085F584 /* Debug */,
				BD9FDD591D2BDB1C0085F584 /* Release */,
			);
			defaultConfigurationIsVisible = 0;
			defaultConfigurationName = Release;
		};
		BDA4479E1C2946BC003FDEAD /* Build configuration list for PBXNativeTarget "Sugar-macOS" */ = {
			isa = XCConfigurationList;
			buildConfigurations = (
				BDA4479A1C2946BC003FDEAD /* Debug */,
				BDA4479B1C2946BC003FDEAD /* Release */,
			);
			defaultConfigurationIsVisible = 0;
			defaultConfigurationName = Release;
		};
		BDA4479F1C2946BC003FDEAD /* Build configuration list for PBXNativeTarget "Tests-macOS" */ = {
			isa = XCConfigurationList;
			buildConfigurations = (
				BDA4479C1C2946BC003FDEAD /* Debug */,
				BDA4479D1C2946BC003FDEAD /* Release */,
			);
			defaultConfigurationIsVisible = 0;
			defaultConfigurationName = Release;
		};
		D56DAA721C206516003E7253 /* Build configuration list for PBXProject "Sugar" */ = {
			isa = XCConfigurationList;
			buildConfigurations = (
				D56DAA8A1C206516003E7253 /* Debug */,
				D56DAA8B1C206516003E7253 /* Release */,
			);
			defaultConfigurationIsVisible = 0;
			defaultConfigurationName = Release;
		};
		D56DAA8C1C206516003E7253 /* Build configuration list for PBXNativeTarget "Sugar-iOS" */ = {
			isa = XCConfigurationList;
			buildConfigurations = (
				D56DAA8D1C206516003E7253 /* Debug */,
				D56DAA8E1C206516003E7253 /* Release */,
			);
			defaultConfigurationIsVisible = 0;
			defaultConfigurationName = Release;
		};
		D56DAA8F1C206516003E7253 /* Build configuration list for PBXNativeTarget "Tests-iOS" */ = {
			isa = XCConfigurationList;
			buildConfigurations = (
				D56DAA901C206516003E7253 /* Debug */,
				D56DAA911C206516003E7253 /* Release */,
			);
			defaultConfigurationIsVisible = 0;
			defaultConfigurationName = Release;
		};
/* End XCConfigurationList section */
	};
	rootObject = D56DAA6F1C206516003E7253 /* Project object */;
}
